
Microsoft Visual Studio Solution File, Format Version 12.00
# Visual Studio 2013
VisualStudioVersion = 12.0.31101.0
MinimumVisualStudioVersion = 10.0.40219.1
Project("{FAE04EC0-301F-11D3-BF4B-00C04F79EFBC}") = "NYP FİNAL PROJESİ", "NYP FİNAL PROJESİ.csproj", "{2CBE12F1-C1F4-4238-980A-F07577B25D1F}"
EndProject
Project("{54435603-DBB4-11D2-8724-00A0C9A8B90C}") = "TCDD Bilet Satış-Rezervasyon Sistemi", "..\TCDD Bilet Satış-Rezervasyon Sistemi\TCDD Bilet Satış-Rezervasyon Sistemi.vdproj", "{DEC6F6DB-9D52-4880-983C-717FB4161449}"
EndProject
Global
	GlobalSection(SolutionConfigurationPlatforms) = preSolution
		Debug|Any CPU = Debug|Any CPU
		Release|Any CPU = Release|Any CPU
	EndGlobalSection
	GlobalSection(ProjectConfigurationPlatforms) = postSolution
		{2CBE12F1-C1F4-4238-980A-F07577B25D1F}.Debug|Any CPU.ActiveCfg = Debug|Any CPU
		{2CBE12F1-C1F4-4238-980A-F07577B25D1F}.Debug|Any CPU.Build.0 = Debug|Any CPU
		{2CBE12F1-C1F4-4238-980A-F07577B25D1F}.Release|Any CPU.ActiveCfg = Release|Any CPU
		{2CBE12F1-C1F4-4238-980A-F07577B25D1F}.Release|Any CPU.Build.0 = Release|Any CPU
		{DEC6F6DB-9D52-4880-983C-717FB4161449}.Debug|Any CPU.ActiveCfg = Debug
		{DEC6F6DB-9D52-4880-983C-717FB4161449}.Release|Any CPU.ActiveCfg = Release
	EndGlobalSection
	GlobalSection(SolutionProperties) = preSolution
		HideSolutionNode = FALSE
	EndGlobalSection
EndGlobal
